
Microsoft Visual Studio Solution File, Format Version 12.00
# Visual Studio Version 16
VisualStudioVersion = 16.0.34601.136
MinimumVisualStudioVersion = 10.0.40219.1
Project("{FAE04EC0-301F-11D3-BF4B-00C04F79EFBC}") = "WebQLHoa", "WebQLHoa\WebQLHoa.csproj", "{71BDA390-E0F0-4783-B0A0-ED32D0584778}"
EndProject
Global
	GlobalSection(SolutionConfigurationPlatforms) = preSolution
		Debug|Any CPU = Debug|Any CPU
		Release|Any CPU = Release|Any CPU
	EndGlobalSection
	GlobalSection(ProjectConfigurationPlatforms) = postSolution
		{71BDA390-E0F0-4783-B0A0-ED32D0584778}.Debug|Any CPU.ActiveCfg = Debug|Any CPU
		{71BDA390-E0F0-4783-B0A0-ED32D0584778}.Debug|Any CPU.Build.0 = Debug|Any CPU
		{71BDA390-E0F0-4783-B0A0-ED32D0584778}.Release|Any CPU.ActiveCfg = Release|Any CPU
		{71BDA390-E0F0-4783-B0A0-ED32D0584778}.Release|Any CPU.Build.0 = Release|Any CPU
	EndGlobalSection
	GlobalSection(SolutionProperties) = preSolution
		HideSolutionNode = FALSE
	EndGlobalSection
	GlobalSection(ExtensibilityGlobals) = postSolution
		SolutionGuid = {9E0E715C-C1B1-4933-B2BF-1E94B4189A92}
	EndGlobalSection
EndGlobal
